// !$*UTF8*$!
{
	archiveVersion = 1;
	classes = {
	};
	objectVersion = 46;
	objects = {

/* Begin PBXBuildFile section */
		1FF6F23D2025B41B00B787ED /* main.cpp in Sources */ = {isa = PBXBuildFile; fileRef = 1FF6F23C2025B41B00B787ED /* main.cpp */; };
		1FF6F2822026AD8A00B787ED /* CountingMazeBuilder.cpp in Sources */ = {isa = PBXBuildFile; fileRef = 1FF6F2732026AD8A00B787ED /* CountingMazeBuilder.cpp */; };
		1FF6F2832026AD8A00B787ED /* MazeGame.cpp in Sources */ = {isa = PBXBuildFile; fileRef = 1FF6F27A2026AD8A00B787ED /* MazeGame.cpp */; };
		1FF6F2842026AD8A00B787ED /* StandardMazeBuilder.cpp in Sources */ = {isa = PBXBuildFile; fileRef = 1FF6F27E2026AD8A00B787ED /* StandardMazeBuilder.cpp */; };
		1FF6F2872026B24300B787ED /* MazePrototypeFactory.cpp in Sources */ = {isa = PBXBuildFile; fileRef = 1FF6F2862026B24300B787ED /* MazePrototypeFactory.cpp */; };
		1FF6F2892026B3D300B787ED /* Wall.cpp in Sources */ = {isa = PBXBuildFile; fileRef = 1FF6F2882026B3D300B787ED /* Wall.cpp */; };
/* End PBXBuildFile section */

/* Begin PBXCopyFilesBuildPhase section */
		1FF6F2372025B41B00B787ED /* CopyFiles */ = {
			isa = PBXCopyFilesBuildPhase;
			buildActionMask = 2147483647;
			dstPath = /usr/share/man/man1/;
			dstSubfolderSpec = 0;
			files = (
			);
			runOnlyForDeploymentPostprocessing = 1;
		};
/* End PBXCopyFilesBuildPhase section */

/* Begin PBXFileReference section */
		1FF6F2392025B41B00B787ED /* MazeTest */ = {isa = PBXFileReference; explicitFileType = "compiled.mach-o.executable"; includeInIndex = 0; path = MazeTest; sourceTree = BUILT_PRODUCTS_DIR; };
		1FF6F23C2025B41B00B787ED /* main.cpp */ = {isa = PBXFileReference; lastKnownFileType = sourcecode.cpp.cpp; path = main.cpp; sourceTree = "<group>"; };
		1FF6F2722026AD8A00B787ED /* BombedMazeGame.h */ = {isa = PBXFileReference; fileEncoding = 4; lastKnownFileType = sourcecode.c.h; path = BombedMazeGame.h; sourceTree = "<group>"; };
		1FF6F2732026AD8A00B787ED /* CountingMazeBuilder.cpp */ = {isa = PBXFileReference; fileEncoding = 4; lastKnownFileType = sourcecode.cpp.cpp; path = CountingMazeBuilder.cpp; sourceTree = "<group>"; };
		1FF6F2742026AD8A00B787ED /* CountingMazeBuilder.h */ = {isa = PBXFileReference; fileEncoding = 4; lastKnownFileType = sourcecode.c.h; path = CountingMazeBuilder.h; sourceTree = "<group>"; };
		1FF6F2752026AD8A00B787ED /* Door.h */ = {isa = PBXFileReference; fileEncoding = 4; lastKnownFileType = sourcecode.c.h; path = Door.h; sourceTree = "<group>"; };
		1FF6F2762026AD8A00B787ED /* MapSite.h */ = {isa = PBXFileReference; fileEncoding = 4; lastKnownFileType = sourcecode.c.h; path = MapSite.h; sourceTree = "<group>"; };
		1FF6F2772026AD8A00B787ED /* Maze.h */ = {isa = PBXFileReference; fileEncoding = 4; lastKnownFileType = sourcecode.c.h; path = Maze.h; sourceTree = "<group>"; };
		1FF6F2782026AD8A00B787ED /* MazeBuilder.h */ = {isa = PBXFileReference; fileEncoding = 4; lastKnownFileType = sourcecode.c.h; path = MazeBuilder.h; sourceTree = "<group>"; };
		1FF6F2792026AD8A00B787ED /* MazeFactory.h */ = {isa = PBXFileReference; fileEncoding = 4; lastKnownFileType = sourcecode.c.h; path = MazeFactory.h; sourceTree = "<group>"; };
		1FF6F27A2026AD8A00B787ED /* MazeGame.cpp */ = {isa = PBXFileReference; fileEncoding = 4; lastKnownFileType = sourcecode.cpp.cpp; path = MazeGame.cpp; sourceTree = "<group>"; };
		1FF6F27B2026AD8A00B787ED /* MazeGame.h */ = {isa = PBXFileReference; fileEncoding = 4; lastKnownFileType = sourcecode.c.h; path = MazeGame.h; sourceTree = "<group>"; };
		1FF6F27C2026AD8A00B787ED /* Room.h */ = {isa = PBXFileReference; fileEncoding = 4; lastKnownFileType = sourcecode.c.h; path = Room.h; sourceTree = "<group>"; };
		1FF6F27D2026AD8A00B787ED /* Spell.h */ = {isa = PBXFileReference; fileEncoding = 4; lastKnownFileType = sourcecode.c.h; path = Spell.h; sourceTree = "<group>"; };
		1FF6F27E2026AD8A00B787ED /* StandardMazeBuilder.cpp */ = {isa = PBXFileReference; fileEncoding = 4; lastKnownFileType = sourcecode.cpp.cpp; path = StandardMazeBuilder.cpp; sourceTree = "<group>"; };
		1FF6F27F2026AD8A00B787ED /* StandardMazeBuilder.h */ = {isa = PBXFileReference; fileEncoding = 4; lastKnownFileType = sourcecode.c.h; path = StandardMazeBuilder.h; sourceTree = "<group>"; };
		1FF6F2812026AD8A00B787ED /* Wall.h */ = {isa = PBXFileReference; fileEncoding = 4; lastKnownFileType = sourcecode.c.h; path = Wall.h; sourceTree = "<group>"; };
		1FF6F2852026B12800B787ED /* MazePrototypeFactory.h */ = {isa = PBXFileReference; lastKnownFileType = sourcecode.c.h; path = MazePrototypeFactory.h; sourceTree = "<group>"; };
		1FF6F2862026B24300B787ED /* MazePrototypeFactory.cpp */ = {isa = PBXFileReference; fileEncoding = 4; lastKnownFileType = sourcecode.cpp.cpp; path = MazePrototypeFactory.cpp; sourceTree = "<group>"; };
		1FF6F2882026B3D300B787ED /* Wall.cpp */ = {isa = PBXFileReference; fileEncoding = 4; lastKnownFileType = sourcecode.cpp.cpp; path = Wall.cpp; sourceTree = "<group>"; };
		DFA3FB782027DD64003A9E46 /* BombedWall.h */ = {isa = PBXFileReference; lastKnownFileType = sourcecode.c.h; path = BombedWall.h; sourceTree = "<group>"; };
/* End PBXFileReference section */

/* Begin PBXFrameworksBuildPhase section */
		1FF6F2362025B41B00B787ED /* Frameworks */ = {
			isa = PBXFrameworksBuildPhase;
			buildActionMask = 2147483647;
			files = (
			);
			runOnlyForDeploymentPostprocessing = 0;
		};
/* End PBXFrameworksBuildPhase section */

/* Begin PBXGroup section */
		1FF6F2302025B41B00B787ED = {
			isa = PBXGroup;
			children = (
				1FF6F23B2025B41B00B787ED /* MazeTest */,
				1FF6F23A2025B41B00B787ED /* Products */,
			);
			sourceTree = "<group>";
		};
		1FF6F23A2025B41B00B787ED /* Products */ = {
			isa = PBXGroup;
			children = (
				1FF6F2392025B41B00B787ED /* MazeTest */,
			);
			name = Products;
			sourceTree = "<group>";
		};
		1FF6F23B2025B41B00B787ED /* MazeTest */ = {
			isa = PBXGroup;
			children = (
				1FF6F2722026AD8A00B787ED /* BombedMazeGame.h */,
				1FF6F2732026AD8A00B787ED /* CountingMazeBuilder.cpp */,
				1FF6F2742026AD8A00B787ED /* CountingMazeBuilder.h */,
				1FF6F2752026AD8A00B787ED /* Door.h */,
				1FF6F2762026AD8A00B787ED /* MapSite.h */,
				1FF6F2772026AD8A00B787ED /* Maze.h */,
				1FF6F2782026AD8A00B787ED /* MazeBuilder.h */,
				1FF6F2792026AD8A00B787ED /* MazeFactory.h */,
				1FF6F27A2026AD8A00B787ED /* MazeGame.cpp */,
				1FF6F27B2026AD8A00B787ED /* MazeGame.h */,
				1FF6F27C2026AD8A00B787ED /* Room.h */,
				1FF6F27D2026AD8A00B787ED /* Spell.h */,
				1FF6F27E2026AD8A00B787ED /* StandardMazeBuilder.cpp */,
				1FF6F27F2026AD8A00B787ED /* StandardMazeBuilder.h */,
				1FF6F2812026AD8A00B787ED /* Wall.h */,
				1FF6F2882026B3D300B787ED /* Wall.cpp */,
				1FF6F23C2025B41B00B787ED /* main.cpp */,
				1FF6F2852026B12800B787ED /* MazePrototypeFactory.h */,
				1FF6F2862026B24300B787ED /* MazePrototypeFactory.cpp */,
				DFA3FB782027DD64003A9E46 /* BombedWall.h */,
			);
			path = MazeTest;
			sourceTree = "<group>";
		};
/* End PBXGroup section */

/* Begin PBXNativeTarget section */
		1FF6F2382025B41B00B787ED /* MazeTest */ = {
			isa = PBXNativeTarget;
			buildConfigurationList = 1FF6F2402025B41B00B787ED /* Build configuration list for PBXNativeTarget "MazeTest" */;
			buildPhases = (
				1FF6F2352025B41B00B787ED /* Sources */,
				1FF6F2362025B41B00B787ED /* Frameworks */,
				1FF6F2372025B41B00B787ED /* CopyFiles */,
			);
			buildRules = (
			);
			dependencies = (
			);
			name = MazeTest;
			productName = MazeTest;
			productReference = 1FF6F2392025B41B00B787ED /* MazeTest */;
			productType = "com.apple.product-type.tool";
		};
/* End PBXNativeTarget section */

/* Begin PBXProject section */
		1FF6F2312025B41B00B787ED /* Project object */ = {
			isa = PBXProject;
			attributes = {
				LastUpgradeCheck = 0720;
				ORGANIZATIONNAME = "seok ki";
				TargetAttributes = {
					1FF6F2382025B41B00B787ED = {
						CreatedOnToolsVersion = 7.2.1;
					};
				};
			};
			buildConfigurationList = 1FF6F2342025B41B00B787ED /* Build configuration list for PBXProject "MazeTest" */;
			compatibilityVersion = "Xcode 3.2";
			developmentRegion = English;
			hasScannedForEncodings = 0;
			knownRegions = (
				en,
			);
			mainGroup = 1FF6F2302025B41B00B787ED;
			productRefGroup = 1FF6F23A2025B41B00B787ED /* Products */;
			projectDirPath = "";
			projectRoot = "";
			targets = (
				1FF6F2382025B41B00B787ED /* MazeTest */,
			);
		};
/* End PBXProject section */

/* Begin PBXSourcesBuildPhase section */
		1FF6F2352025B41B00B787ED /* Sources */ = {
			isa = PBXSourcesBuildPhase;
			buildActionMask = 2147483647;
			files = (
				1FF6F2832026AD8A00B787ED /* MazeGame.cpp in Sources */,
				1FF6F2842026AD8A00B787ED /* StandardMazeBuilder.cpp in Sources */,
				1FF6F23D2025B41B00B787ED /* main.cpp in Sources */,
				1FF6F2892026B3D300B787ED /* Wall.cpp in Sources */,
				1FF6F2872026B24300B787ED /* MazePrototypeFactory.cpp in Sources */,
				1FF6F2822026AD8A00B787ED /* CountingMazeBuilder.cpp in Sources */,
			);
			runOnlyForDeploymentPostprocessing = 0;
		};
/* End PBXSourcesBuildPhase section */

/* Begin XCBuildConfiguration section */
		1FF6F23E2025B41B00B787ED /* Debug */ = {
			isa = XCBuildConfiguration;
			buildSettings = {
				ALWAYS_SEARCH_USER_PATHS = NO;
				CLANG_CXX_LANGUAGE_STANDARD = "gnu++0x";
				CLANG_CXX_LIBRARY = "libc++";
				CLANG_ENABLE_MODULES = YES;
				CLANG_ENABLE_OBJC_ARC = YES;
				CLANG_WARN_BOOL_CONVERSION = YES;
				CLANG_WARN_CONSTANT_CONVERSION = YES;
				CLANG_WARN_DIRECT_OBJC_ISA_USAGE = YES_ERROR;
				CLANG_WARN_EMPTY_BODY = YES;
				CLANG_WARN_ENUM_CONVERSION = YES;
				CLANG_WARN_INT_CONVERSION = YES;
				CLANG_WARN_OBJC_ROOT_CLASS = YES_ERROR;
				CLANG_WARN_UNREACHABLE_CODE = YES;
				CLANG_WARN__DUPLICATE_METHOD_MATCH = YES;
				CODE_SIGN_IDENTITY = "-";
				COPY_PHASE_STRIP = NO;
				DEBUG_INFORMATION_FORMAT = dwarf;
				ENABLE_STRICT_OBJC_MSGSEND = YES;
				ENABLE_TESTABILITY = YES;
				GCC_C_LANGUAGE_STANDARD = gnu99;
				GCC_DYNAMIC_NO_PIC = NO;
				GCC_NO_COMMON_BLOCKS = YES;
				GCC_OPTIMIZATION_LEVEL = 0;
				GCC_PREPROCESSOR_DEFINITIONS = (
					"DEBUG=1",
					"$(inherited)",
				);
				GCC_WARN_64_TO_32_BIT_CONVERSION = YES;
				GCC_WARN_ABOUT_RETURN_TYPE = YES_ERROR;
				GCC_WARN_UNDECLARED_SELECTOR = YES;
				GCC_WARN_UNINITIALIZED_AUTOS = YES_AGGRESSIVE;
				GCC_WARN_UNUSED_FUNCTION = YES;
				GCC_WARN_UNUSED_VARIABLE = YES;
				MACOSX_DEPLOYMENT_TARGET = 10.10;
				MTL_ENABLE_DEBUG_INFO = YES;
				ONLY_ACTIVE_ARCH = YES;
				SDKROOT = macosx;
			};
			name = Debug;
		};
		1FF6F23F2025B41B00B787ED /* Release */ = {
			isa = XCBuildConfiguration;
			buildSettings = {
				ALWAYS_SEARCH_USER_PATHS = NO;
				CLANG_CXX_LANGUAGE_STANDARD = "gnu++0x";
				CLANG_CXX_LIBRARY = "libc++";
				CLANG_ENABLE_MODULES = YES;
				CLANG_ENABLE_OBJC_ARC = YES;
				CLANG_WARN_BOOL_CONVERSION = YES;
				CLANG_WARN_CONSTANT_CONVERSION = YES;
				CLANG_WARN_DIRECT_OBJC_ISA_USAGE = YES_ERROR;
				CLANG_WARN_EMPTY_BODY = YES;
				CLANG_WARN_ENUM_CONVERSION = YES;
				CLANG_WARN_INT_CONVERSION = YES;
				CLANG_WARN_OBJC_ROOT_CLASS = YES_ERROR;
				CLANG_WARN_UNREACHABLE_CODE = YES;
				CLANG_WARN__DUPLICATE_METHOD_MATCH = YES;
				CODE_SIGN_IDENTITY = "-";
				COPY_PHASE_STRIP = NO;
				DEBUG_INFORMATION_FORMAT = "dwarf-with-dsym";
				ENABLE_NS_ASSERTIONS = NO;
				ENABLE_STRICT_OBJC_MSGSEND = YES;
				GCC_C_LANGUAGE_STANDARD = gnu99;
				GCC_NO_COMMON_BLOCKS = YES;
				GCC_WARN_64_TO_32_BIT_CONVERSION = YES;
				GCC_WARN_ABOUT_RETURN_TYPE = YES_ERROR;
				GCC_WARN_UNDECLARED_SELECTOR = YES;
				GCC_WARN_UNINITIALIZED_AUTOS = YES_AGGRESSIVE;
				GCC_WARN_UNUSED_FUNCTION = YES;
				GCC_WARN_UNUSED_VARIABLE = YES;
				MACOSX_DEPLOYMENT_TARGET = 10.10;
				MTL_ENABLE_DEBUG_INFO = NO;
				SDKROOT = macosx;
			};
			name = Release;
		};
		1FF6F2412025B41B00B787ED /* Debug */ = {
			isa = XCBuildConfiguration;
			buildSettings = {
				PRODUCT_NAME = "$(TARGET_NAME)";
			};
			name = Debug;
		};
		1FF6F2422025B41B00B787ED /* Release */ = {
			isa = XCBuildConfiguration;
			buildSettings = {
				PRODUCT_NAME = "$(TARGET_NAME)";
			};
			name = Release;
		};
/* End XCBuildConfiguration section */

/* Begin XCConfigurationList section */
		1FF6F2342025B41B00B787ED /* Build configuration list for PBXProject "MazeTest" */ = {
			isa = XCConfigurationList;
			buildConfigurations = (
				1FF6F23E2025B41B00B787ED /* Debug */,
				1FF6F23F2025B41B00B787ED /* Release */,
			);
			defaultConfigurationIsVisible = 0;
			defaultConfigurationName = Release;
		};
		1FF6F2402025B41B00B787ED /* Build configuration list for PBXNativeTarget "MazeTest" */ = {
			isa = XCConfigurationList;
			buildConfigurations = (
				1FF6F2412025B41B00B787ED /* Debug */,
				1FF6F2422025B41B00B787ED /* Release */,
			);
			defaultConfigurationIsVisible = 0;
			defaultConfigurationName = Release;
		};
/* End XCConfigurationList section */
	};
	rootObject = 1FF6F2312025B41B00B787ED /* Project object */;
}
